// !$*UTF8*$!
{
	archiveVersion = 1;
	classes = {
	};
	objectVersion = 50;
	objects = {

/* Begin PBXBuildFile section */
		CB9B0B3129B7EB3900CCABA5 /* Assets.xcassets in Resources */ = {isa = PBXBuildFile; fileRef = CB9B0B3029B7EB3900CCABA5 /* Assets.xcassets */; };
		CB9B0B3429B7EB3900CCABA5 /* Preview Assets.xcassets in Resources */ = {isa = PBXBuildFile; fileRef = CB9B0B3329B7EB3900CCABA5 /* Preview Assets.xcassets */; };
		CB9B0B3F29B7EB3900CCABA5 /* PetLoversTests.swift in Sources */ = {isa = PBXBuildFile; fileRef = CB9B0B3E29B7EB3900CCABA5 /* PetLoversTests.swift */; };
		CB9B0B4A29B7EB3900CCABA5 /* PetLoversUITests.swift in Sources */ = {isa = PBXBuildFile; fileRef = CB9B0B4929B7EB3900CCABA5 /* PetLoversUITests.swift */; };
		CB9B0B5E29B7EBB900CCABA5 /* AppDelegate.swift in Sources */ = {isa = PBXBuildFile; fileRef = CB9B0B5D29B7EBB900CCABA5 /* AppDelegate.swift */; };
		CB9B0B6329B7EBDD00CCABA5 /* GalleryViewController.swift in Sources */ = {isa = PBXBuildFile; fileRef = CB9B0B6229B7EBDD00CCABA5 /* GalleryViewController.swift */; };
		CB9B0B6E29B7F25300CCABA5 /* LaunchScreen.storyboard in Resources */ = {isa = PBXBuildFile; fileRef = CB9B0B6C29B7F25300CCABA5 /* LaunchScreen.storyboard */; };
		CB9B0B9C29B9616B00CCABA5 /* APIController.swift in Sources */ = {isa = PBXBuildFile; fileRef = CB9B0B9B29B9616B00CCABA5 /* APIController.swift */; };
		CB9B0BA229C3E8D900CCABA5 /* APIResponse.swift in Sources */ = {isa = PBXBuildFile; fileRef = CB9B0BA129C3E8D900CCABA5 /* APIResponse.swift */; };
		CB9B0BA729C3E8E800CCABA5 /* Photo.swift in Sources */ = {isa = PBXBuildFile; fileRef = CB9B0BA629C3E8E800CCABA5 /* Photo.swift */; };
		CB9B0BB229C3F07900CCABA5 /* ImageLoader.swift in Sources */ = {isa = PBXBuildFile; fileRef = CB9B0BB129C3F07900CCABA5 /* ImageLoader.swift */; };
/* End PBXBuildFile section */

/* Begin PBXContainerItemProxy section */
		CB9B0B3B29B7EB3900CCABA5 /* PBXContainerItemProxy */ = {
			isa = PBXContainerItemProxy;
			containerPortal = CB9B0B2129B7EB3900CCABA5 /* Project object */;
			proxyType = 1;
			remoteGlobalIDString = CB9B0B2829B7EB3900CCABA5;
			remoteInfo = PetLovers;
		};
		CB9B0B4629B7EB3900CCABA5 /* PBXContainerItemProxy */ = {
			isa = PBXContainerItemProxy;
			containerPortal = CB9B0B2129B7EB3900CCABA5 /* Project object */;
			proxyType = 1;
			remoteGlobalIDString = CB9B0B2829B7EB3900CCABA5;
			remoteInfo = PetLovers;
		};
/* End PBXContainerItemProxy section */

/* Begin PBXFileReference section */
		CB9B0B2929B7EB3900CCABA5 /* PetLovers.app */ = {isa = PBXFileReference; explicitFileType = wrapper.application; includeInIndex = 0; path = PetLovers.app; sourceTree = BUILT_PRODUCTS_DIR; };
		CB9B0B3029B7EB3900CCABA5 /* Assets.xcassets */ = {isa = PBXFileReference; lastKnownFileType = folder.assetcatalog; path = Assets.xcassets; sourceTree = "<group>"; };
		CB9B0B3329B7EB3900CCABA5 /* Preview Assets.xcassets */ = {isa = PBXFileReference; lastKnownFileType = folder.assetcatalog; path = "Preview Assets.xcassets"; sourceTree = "<group>"; };
		CB9B0B3A29B7EB3900CCABA5 /* PetLoversTests.xctest */ = {isa = PBXFileReference; explicitFileType = wrapper.cfbundle; includeInIndex = 0; path = PetLoversTests.xctest; sourceTree = BUILT_PRODUCTS_DIR; };
		CB9B0B3E29B7EB3900CCABA5 /* PetLoversTests.swift */ = {isa = PBXFileReference; lastKnownFileType = sourcecode.swift; path = PetLoversTests.swift; sourceTree = "<group>"; };
		CB9B0B4029B7EB3900CCABA5 /* Info.plist */ = {isa = PBXFileReference; lastKnownFileType = text.plist.xml; path = Info.plist; sourceTree = "<group>"; };
		CB9B0B4529B7EB3900CCABA5 /* PetLoversUITests.xctest */ = {isa = PBXFileReference; explicitFileType = wrapper.cfbundle; includeInIndex = 0; path = PetLoversUITests.xctest; sourceTree = BUILT_PRODUCTS_DIR; };
		CB9B0B4929B7EB3900CCABA5 /* PetLoversUITests.swift */ = {isa = PBXFileReference; lastKnownFileType = sourcecode.swift; path = PetLoversUITests.swift; sourceTree = "<group>"; };
		CB9B0B4B29B7EB3900CCABA5 /* Info.plist */ = {isa = PBXFileReference; lastKnownFileType = text.plist.xml; path = Info.plist; sourceTree = "<group>"; };
		CB9B0B5D29B7EBB900CCABA5 /* AppDelegate.swift */ = {isa = PBXFileReference; lastKnownFileType = sourcecode.swift; path = AppDelegate.swift; sourceTree = "<group>"; };
		CB9B0B6229B7EBDD00CCABA5 /* GalleryViewController.swift */ = {isa = PBXFileReference; lastKnownFileType = sourcecode.swift; path = GalleryViewController.swift; sourceTree = "<group>"; };
		CB9B0B6D29B7F25300CCABA5 /* Base */ = {isa = PBXFileReference; lastKnownFileType = file.storyboard; name = Base; path = "../../../../Downloads/kitunia-prompt.initial/Kitunia/Base.lproj/LaunchScreen.storyboard"; sourceTree = "<group>"; };
		CB9B0B8229B7F72B00CCABA5 /* Info.plist */ = {isa = PBXFileReference; fileEncoding = 4; lastKnownFileType = text.plist.xml; path = Info.plist; sourceTree = "<group>"; };
		CB9B0B9B29B9616B00CCABA5 /* APIController.swift */ = {isa = PBXFileReference; lastKnownFileType = sourcecode.swift; path = APIController.swift; sourceTree = "<group>"; };
		CB9B0BA129C3E8D900CCABA5 /* APIResponse.swift */ = {isa = PBXFileReference; lastKnownFileType = sourcecode.swift; path = APIResponse.swift; sourceTree = "<group>"; };
		CB9B0BA629C3E8E800CCABA5 /* Photo.swift */ = {isa = PBXFileReference; lastKnownFileType = sourcecode.swift; path = Photo.swift; sourceTree = "<group>"; };
		CB9B0BB129C3F07900CCABA5 /* ImageLoader.swift */ = {isa = PBXFileReference; lastKnownFileType = sourcecode.swift; path = ImageLoader.swift; sourceTree = "<group>"; };
/* End PBXFileReference section */

/* Begin PBXFrameworksBuildPhase section */
		CB9B0B2629B7EB3900CCABA5 /* Frameworks */ = {
			isa = PBXFrameworksBuildPhase;
			buildActionMask = 2147483647;
			files = (
			);
			runOnlyForDeploymentPostprocessing = 0;
		};
		CB9B0B3729B7EB3900CCABA5 /* Frameworks */ = {
			isa = PBXFrameworksBuildPhase;
			buildActionMask = 2147483647;
			files = (
			);
			runOnlyForDeploymentPostprocessing = 0;
		};
		CB9B0B4229B7EB3900CCABA5 /* Frameworks */ = {
			isa = PBXFrameworksBuildPhase;
			buildActionMask = 2147483647;
			files = (
			);
			runOnlyForDeploymentPostprocessing = 0;
		};
/* End PBXFrameworksBuildPhase section */

/* Begin PBXGroup section */
		CB9B0B2029B7EB3900CCABA5 = {
			isa = PBXGroup;
			children = (
				CB9B0B2B29B7EB3900CCABA5 /* PetLovers */,
				CB9B0B3D29B7EB3900CCABA5 /* PetLoversTests */,
				CB9B0B4829B7EB3900CCABA5 /* PetLoversUITests */,
				CB9B0B2A29B7EB3900CCABA5 /* Products */,
			);
			sourceTree = "<group>";
		};
		CB9B0B2A29B7EB3900CCABA5 /* Products */ = {
			isa = PBXGroup;
			children = (
				CB9B0B2929B7EB3900CCABA5 /* PetLovers.app */,
				CB9B0B3A29B7EB3900CCABA5 /* PetLoversTests.xctest */,
				CB9B0B4529B7EB3900CCABA5 /* PetLoversUITests.xctest */,
			);
			name = Products;
			sourceTree = "<group>";
		};
		CB9B0B2B29B7EB3900CCABA5 /* PetLovers */ = {
			isa = PBXGroup;
			children = (
				CB9B0BA029C3E8C300CCABA5 /* Model */,
				CB9B0B9A29B9606C00CCABA5 /* API */,
				CB9B0B9929B9604000CCABA5 /* ViewControllers */,
				CB9B0B3029B7EB3900CCABA5 /* Assets.xcassets */,
				CB9B0B8229B7F72B00CCABA5 /* Info.plist */,
				CB9B0B3229B7EB3900CCABA5 /* Preview Content */,
				CB9B0B5D29B7EBB900CCABA5 /* AppDelegate.swift */,
				CB9B0B6C29B7F25300CCABA5 /* LaunchScreen.storyboard */,
			);
			path = PetLovers;
			sourceTree = "<group>";
		};
		CB9B0B3229B7EB3900CCABA5 /* Preview Content */ = {
			isa = PBXGroup;
			children = (
				CB9B0B3329B7EB3900CCABA5 /* Preview Assets.xcassets */,
			);
			path = "Preview Content";
			sourceTree = "<group>";
		};
		CB9B0B3D29B7EB3900CCABA5 /* PetLoversTests */ = {
			isa = PBXGroup;
			children = (
				CB9B0B3E29B7EB3900CCABA5 /* PetLoversTests.swift */,
				CB9B0B4029B7EB3900CCABA5 /* Info.plist */,
			);
			path = PetLoversTests;
			sourceTree = "<group>";
		};
		CB9B0B4829B7EB3900CCABA5 /* PetLoversUITests */ = {
			isa = PBXGroup;
			children = (
				CB9B0B4929B7EB3900CCABA5 /* PetLoversUITests.swift */,
				CB9B0B4B29B7EB3900CCABA5 /* Info.plist */,
			);
			path = PetLoversUITests;
			sourceTree = "<group>";
		};
		CB9B0B9929B9604000CCABA5 /* ViewControllers */ = {
			isa = PBXGroup;
			children = (
				CB9B0B6229B7EBDD00CCABA5 /* GalleryViewController.swift */,
			);
			path = ViewControllers;
			sourceTree = "<group>";
		};
		CB9B0B9A29B9606C00CCABA5 /* API */ = {
			isa = PBXGroup;
			children = (
				CB9B0B9B29B9616B00CCABA5 /* APIController.swift */,
				CB9B0BB129C3F07900CCABA5 /* ImageLoader.swift */,
			);
			path = API;
			sourceTree = "<group>";
		};
		CB9B0BA029C3E8C300CCABA5 /* Model */ = {
			isa = PBXGroup;
			children = (
				CB9B0BA129C3E8D900CCABA5 /* APIResponse.swift */,
				CB9B0BA629C3E8E800CCABA5 /* Photo.swift */,
			);
			path = Model;
			sourceTree = "<group>";
		};
/* End PBXGroup section */

/* Begin PBXNativeTarget section */
		CB9B0B2829B7EB3900CCABA5 /* PetLovers */ = {
			isa = PBXNativeTarget;
			buildConfigurationList = CB9B0B4E29B7EB3900CCABA5 /* Build configuration list for PBXNativeTarget "PetLovers" */;
			buildPhases = (
				CB9B0B2529B7EB3900CCABA5 /* Sources */,
				CB9B0B2629B7EB3900CCABA5 /* Frameworks */,
				CB9B0B2729B7EB3900CCABA5 /* Resources */,
			);
			buildRules = (
			);
			dependencies = (
			);
			name = PetLovers;
			productName = PetLovers;
			productReference = CB9B0B2929B7EB3900CCABA5 /* PetLovers.app */;
			productType = "com.apple.product-type.application";
		};
		CB9B0B3929B7EB3900CCABA5 /* PetLoversTests */ = {
			isa = PBXNativeTarget;
			buildConfigurationList = CB9B0B5129B7EB3900CCABA5 /* Build configuration list for PBXNativeTarget "PetLoversTests" */;
			buildPhases = (
				CB9B0B3629B7EB3900CCABA5 /* Sources */,
				CB9B0B3729B7EB3900CCABA5 /* Frameworks */,
				CB9B0B3829B7EB3900CCABA5 /* Resources */,
			);
			buildRules = (
			);
			dependencies = (
				CB9B0B3C29B7EB3900CCABA5 /* PBXTargetDependency */,
			);
			name = PetLoversTests;
			productName = PetLoversTests;
			productReference = CB9B0B3A29B7EB3900CCABA5 /* PetLoversTests.xctest */;
			productType = "com.apple.product-type.bundle.unit-test";
		};
		CB9B0B4429B7EB3900CCABA5 /* PetLoversUITests */ = {
			isa = PBXNativeTarget;
			buildConfigurationList = CB9B0B5429B7EB3900CCABA5 /* Build configuration list for PBXNativeTarget "PetLoversUITests" */;
			buildPhases = (
				CB9B0B4129B7EB3900CCABA5 /* Sources */,
				CB9B0B4229B7EB3900CCABA5 /* Frameworks */,
				CB9B0B4329B7EB3900CCABA5 /* Resources */,
			);
			buildRules = (
			);
			dependencies = (
				CB9B0B4729B7EB3900CCABA5 /* PBXTargetDependency */,
			);
			name = PetLoversUITests;
			productName = PetLoversUITests;
			productReference = CB9B0B4529B7EB3900CCABA5 /* PetLoversUITests.xctest */;
			productType = "com.apple.product-type.bundle.ui-testing";
		};
/* End PBXNativeTarget section */

/* Begin PBXProject section */
		CB9B0B2129B7EB3900CCABA5 /* Project object */ = {
			isa = PBXProject;
			attributes = {
				LastSwiftUpdateCheck = 1240;
				LastUpgradeCheck = 1240;
				TargetAttributes = {
					CB9B0B2829B7EB3900CCABA5 = {
						CreatedOnToolsVersion = 12.4;
					};
					CB9B0B3929B7EB3900CCABA5 = {
						CreatedOnToolsVersion = 12.4;
						TestTargetID = CB9B0B2829B7EB3900CCABA5;
					};
					CB9B0B4429B7EB3900CCABA5 = {
						CreatedOnToolsVersion = 12.4;
						TestTargetID = CB9B0B2829B7EB3900CCABA5;
					};
				};
			};
			buildConfigurationList = CB9B0B2429B7EB3900CCABA5 /* Build configuration list for PBXProject "PetLovers" */;
			compatibilityVersion = "Xcode 9.3";
			developmentRegion = en;
			hasScannedForEncodings = 0;
			knownRegions = (
				en,
				Base,
			);
			mainGroup = CB9B0B2029B7EB3900CCABA5;
			productRefGroup = CB9B0B2A29B7EB3900CCABA5 /* Products */;
			projectDirPath = "";
			projectRoot = "";
			targets = (
				CB9B0B2829B7EB3900CCABA5 /* PetLovers */,
				CB9B0B3929B7EB3900CCABA5 /* PetLoversTests */,
				CB9B0B4429B7EB3900CCABA5 /* PetLoversUITests */,
			);
		};
/* End PBXProject section */

/* Begin PBXResourcesBuildPhase section */
		CB9B0B2729B7EB3900CCABA5 /* Resources */ = {
			isa = PBXResourcesBuildPhase;
			buildActionMask = 2147483647;
			files = (
				CB9B0B3429B7EB3900CCABA5 /* Preview Assets.xcassets in Resources */,
				CB9B0B6E29B7F25300CCABA5 /* LaunchScreen.storyboard in Resources */,
				CB9B0B3129B7EB3900CCABA5 /* Assets.xcassets in Resources */,
			);
			runOnlyForDeploymentPostprocessing = 0;
		};
		CB9B0B3829B7EB3900CCABA5 /* Resources */ = {
			isa = PBXResourcesBuildPhase;
			buildActionMask = 2147483647;
			files = (
			);
			runOnlyForDeploymentPostprocessing = 0;
		};
		CB9B0B4329B7EB3900CCABA5 /* Resources */ = {
			isa = PBXResourcesBuildPhase;
			buildActionMask = 2147483647;
			files = (
			);
			runOnlyForDeploymentPostprocessing = 0;
		};
/* End PBXResourcesBuildPhase section */

/* Begin PBXSourcesBuildPhase section */
		CB9B0B2529B7EB3900CCABA5 /* Sources */ = {
			isa = PBXSourcesBuildPhase;
			buildActionMask = 2147483647;
			files = (
				CB9B0B5E29B7EBB900CCABA5 /* AppDelegate.swift in Sources */,
				CB9B0BA229C3E8D900CCABA5 /* APIResponse.swift in Sources */,
				CB9B0BB229C3F07900CCABA5 /* ImageLoader.swift in Sources */,
				CB9B0B6329B7EBDD00CCABA5 /* GalleryViewController.swift in Sources */,
				CB9B0B9C29B9616B00CCABA5 /* APIController.swift in Sources */,
				CB9B0BA729C3E8E800CCABA5 /* Photo.swift in Sources */,
			);
			runOnlyForDeploymentPostprocessing = 0;
		};
		CB9B0B3629B7EB3900CCABA5 /* Sources */ = {
			isa = PBXSourcesBuildPhase;
			buildActionMask = 2147483647;
			files = (
				CB9B0B3F29B7EB3900CCABA5 /* PetLoversTests.swift in Sources */,
			);
			runOnlyForDeploymentPostprocessing = 0;
		};
		CB9B0B4129B7EB3900CCABA5 /* Sources */ = {
			isa = PBXSourcesBuildPhase;
			buildActionMask = 2147483647;
			files = (
				CB9B0B4A29B7EB3900CCABA5 /* PetLoversUITests.swift in Sources */,
			);
			runOnlyForDeploymentPostprocessing = 0;
		};
/* End PBXSourcesBuildPhase section */

/* Begin PBXTargetDependency section */
		CB9B0B3C29B7EB3900CCABA5 /* PBXTargetDependency */ = {
			isa = PBXTargetDependency;
			target = CB9B0B2829B7EB3900CCABA5 /* PetLovers */;
			targetProxy = CB9B0B3B29B7EB3900CCABA5 /* PBXContainerItemProxy */;
		};
		CB9B0B4729B7EB3900CCABA5 /* PBXTargetDependency */ = {
			isa = PBXTargetDependency;
			target = CB9B0B2829B7EB3900CCABA5 /* PetLovers */;
			targetProxy = CB9B0B4629B7EB3900CCABA5 /* PBXContainerItemProxy */;
		};
/* End PBXTargetDependency section */

/* Begin PBXVariantGroup section */
		CB9B0B6C29B7F25300CCABA5 /* LaunchScreen.storyboard */ = {
			isa = PBXVariantGroup;
			children = (
				CB9B0B6D29B7F25300CCABA5 /* Base */,
			);
			name = LaunchScreen.storyboard;
			sourceTree = "<group>";
		};
/* End PBXVariantGroup section */

/* Begin XCBuildConfiguration section */
		CB9B0B4C29B7EB3900CCABA5 /* Debug */ = {
			isa = XCBuildConfiguration;
			buildSettings = {
				ALWAYS_SEARCH_USER_PATHS = NO;
				CLANG_ANALYZER_NONNULL = YES;
				CLANG_ANALYZER_NUMBER_OBJECT_CONVERSION = YES_AGGRESSIVE;
				CLANG_CXX_LANGUAGE_STANDARD = "gnu++14";
				CLANG_CXX_LIBRARY = "libc++";
				CLANG_ENABLE_MODULES = YES;
				CLANG_ENABLE_OBJC_ARC = YES;
				CLANG_ENABLE_OBJC_WEAK = YES;
				CLANG_WARN_BLOCK_CAPTURE_AUTORELEASING = YES;
				CLANG_WARN_BOOL_CONVERSION = YES;
				CLANG_WARN_COMMA = YES;
				CLANG_WARN_CONSTANT_CONVERSION = YES;
				CLANG_WARN_DEPRECATED_OBJC_IMPLEMENTATIONS = YES;
				CLANG_WARN_DIRECT_OBJC_ISA_USAGE = YES_ERROR;
				CLANG_WARN_DOCUMENTATION_COMMENTS = YES;
				CLANG_WARN_EMPTY_BODY = YES;
				CLANG_WARN_ENUM_CONVERSION = YES;
				CLANG_WARN_INFINITE_RECURSION = YES;
				CLANG_WARN_INT_CONVERSION = YES;
				CLANG_WARN_NON_LITERAL_NULL_CONVERSION = YES;
				CLANG_WARN_OBJC_IMPLICIT_RETAIN_SELF = YES;
				CLANG_WARN_OBJC_LITERAL_CONVERSION = YES;
				CLANG_WARN_OBJC_ROOT_CLASS = YES_ERROR;
				CLANG_WARN_QUOTED_INCLUDE_IN_FRAMEWORK_HEADER = YES;
				CLANG_WARN_RANGE_LOOP_ANALYSIS = YES;
				CLANG_WARN_STRICT_PROTOTYPES = YES;
				CLANG_WARN_SUSPICIOUS_MOVE = YES;
				CLANG_WARN_UNGUARDED_AVAILABILITY = YES_AGGRESSIVE;
				CLANG_WARN_UNREACHABLE_CODE = YES;
				CLANG_WARN__DUPLICATE_METHOD_MATCH = YES;
				COPY_PHASE_STRIP = NO;
				DEBUG_INFORMATION_FORMAT = dwarf;
				ENABLE_STRICT_OBJC_MSGSEND = YES;
				ENABLE_TESTABILITY = YES;
				GCC_C_LANGUAGE_STANDARD = gnu11;
				GCC_DYNAMIC_NO_PIC = NO;
				GCC_NO_COMMON_BLOCKS = YES;
				GCC_OPTIMIZATION_LEVEL = 0;
				GCC_PREPROCESSOR_DEFINITIONS = (
					"DEBUG=1",
					"$(inherited)",
				);
				GCC_WARN_64_TO_32_BIT_CONVERSION = YES;
				GCC_WARN_ABOUT_RETURN_TYPE = YES_ERROR;
				GCC_WARN_UNDECLARED_SELECTOR = YES;
				GCC_WARN_UNINITIALIZED_AUTOS = YES_AGGRESSIVE;
				GCC_WARN_UNUSED_FUNCTION = YES;
				GCC_WARN_UNUSED_VARIABLE = YES;
				IPHONEOS_DEPLOYMENT_TARGET = 14.4;
				MTL_ENABLE_DEBUG_INFO = INCLUDE_SOURCE;
				MTL_FAST_MATH = YES;
				ONLY_ACTIVE_ARCH = YES;
				SDKROOT = iphoneos;
				SWIFT_ACTIVE_COMPILATION_CONDITIONS = DEBUG;
				SWIFT_OPTIMIZATION_LEVEL = "-Onone";
			};
			name = Debug;
		};
		CB9B0B4D29B7EB3900CCABA5 /* Release */ = {
			isa = XCBuildConfiguration;
			buildSettings = {
				ALWAYS_SEARCH_USER_PATHS = NO;
				CLANG_ANALYZER_NONNULL = YES;
				CLANG_ANALYZER_NUMBER_OBJECT_CONVERSION = YES_AGGRESSIVE;
				CLANG_CXX_LANGUAGE_STANDARD = "gnu++14";
				CLANG_CXX_LIBRARY = "libc++";
				CLANG_ENABLE_MODULES = YES;
				CLANG_ENABLE_OBJC_ARC = YES;
				CLANG_ENABLE_OBJC_WEAK = YES;
				CLANG_WARN_BLOCK_CAPTURE_AUTORELEASING = YES;
				CLANG_WARN_BOOL_CONVERSION = YES;
				CLANG_WARN_COMMA = YES;
				CLANG_WARN_CONSTANT_CONVERSION = YES;
				CLANG_WARN_DEPRECATED_OBJC_IMPLEMENTATIONS = YES;
				CLANG_WARN_DIRECT_OBJC_ISA_USAGE = YES_ERROR;
				CLANG_WARN_DOCUMENTATION_COMMENTS = YES;
				CLANG_WARN_EMPTY_BODY = YES;
				CLANG_WARN_ENUM_CONVERSION = YES;
				CLANG_WARN_INFINITE_RECURSION = YES;
				CLANG_WARN_INT_CONVERSION = YES;
				CLANG_WARN_NON_LITERAL_NULL_CONVERSION = YES;
				CLANG_WARN_OBJC_IMPLICIT_RETAIN_SELF = YES;
				CLANG_WARN_OBJC_LITERAL_CONVERSION = YES;
				CLANG_WARN_OBJC_ROOT_CLASS = YES_ERROR;
				CLANG_WARN_QUOTED_INCLUDE_IN_FRAMEWORK_HEADER = YES;
				CLANG_WARN_RANGE_LOOP_ANALYSIS = YES;
				CLANG_WARN_STRICT_PROTOTYPES = YES;
				CLANG_WARN_SUSPICIOUS_MOVE = YES;
				CLANG_WARN_UNGUARDED_AVAILABILITY = YES_AGGRESSIVE;
				CLANG_WARN_UNREACHABLE_CODE = YES;
				CLANG_WARN__DUPLICATE_METHOD_MATCH = YES;
				COPY_PHASE_STRIP = NO;
				DEBUG_INFORMATION_FORMAT = "dwarf-with-dsym";
				ENABLE_NS_ASSERTIONS = NO;
				ENABLE_STRICT_OBJC_MSGSEND = YES;
				GCC_C_LANGUAGE_STANDARD = gnu11;
				GCC_NO_COMMON_BLOCKS = YES;
				GCC_WARN_64_TO_32_BIT_CONVERSION = YES;
				GCC_WARN_ABOUT_RETURN_TYPE = YES_ERROR;
				GCC_WARN_UNDECLARED_SELECTOR = YES;
				GCC_WARN_UNINITIALIZED_AUTOS = YES_AGGRESSIVE;
				GCC_WARN_UNUSED_FUNCTION = YES;
				GCC_WARN_UNUSED_VARIABLE = YES;
				IPHONEOS_DEPLOYMENT_TARGET = 14.4;
				MTL_ENABLE_DEBUG_INFO = NO;
				MTL_FAST_MATH = YES;
				SDKROOT = iphoneos;
				SWIFT_COMPILATION_MODE = wholemodule;
				SWIFT_OPTIMIZATION_LEVEL = "-O";
				VALIDATE_PRODUCT = YES;
			};
			name = Release;
		};
		CB9B0B4F29B7EB3900CCABA5 /* Debug */ = {
			isa = XCBuildConfiguration;
			buildSettings = {
				ASSETCATALOG_COMPILER_APPICON_NAME = AppIcon;
				ASSETCATALOG_COMPILER_GLOBAL_ACCENT_COLOR_NAME = AccentColor;
				CODE_SIGN_STYLE = Automatic;
				DEVELOPMENT_ASSET_PATHS = "\"PetLovers/Preview Content\"";
				ENABLE_PREVIEWS = YES;
				INFOPLIST_FILE = PetLovers/Info.plist;
				IPHONEOS_DEPLOYMENT_TARGET = 14.0;
				LD_RUNPATH_SEARCH_PATHS = (
					"$(inherited)",
					"@executable_path/Frameworks",
				);
				PRODUCT_BUNDLE_IDENTIFIER = DavidZhou.PetLovers;
				PRODUCT_NAME = "$(TARGET_NAME)";
				SWIFT_VERSION = 5.0;
				TARGETED_DEVICE_FAMILY = "1,2";
			};
			name = Debug;
		};
		CB9B0B5029B7EB3900CCABA5 /* Release */ = {
			isa = XCBuildConfiguration;
			buildSettings = {
				ASSETCATALOG_COMPILER_APPICON_NAME = AppIcon;
				ASSETCATALOG_COMPILER_GLOBAL_ACCENT_COLOR_NAME = AccentColor;
				CODE_SIGN_STYLE = Automatic;
				DEVELOPMENT_ASSET_PATHS = "\"PetLovers/Preview Content\"";
				ENABLE_PREVIEWS = YES;
				INFOPLIST_FILE = PetLovers/Info.plist;
				IPHONEOS_DEPLOYMENT_TARGET = 14.0;
				LD_RUNPATH_SEARCH_PATHS = (
					"$(inherited)",
					"@executable_path/Frameworks",
				);
				PRODUCT_BUNDLE_IDENTIFIER = DavidZhou.PetLovers;
				PRODUCT_NAME = "$(TARGET_NAME)";
				SWIFT_VERSION = 5.0;
				TARGETED_DEVICE_FAMILY = "1,2";
			};
			name = Release;
		};
		CB9B0B5229B7EB3900CCABA5 /* Debug */ = {
			isa = XCBuildConfiguration;
			buildSettings = {
				ALWAYS_EMBED_SWIFT_STANDARD_LIBRARIES = YES;
				BUNDLE_LOADER = "$(TEST_HOST)";
				CODE_SIGN_STYLE = Automatic;
				INFOPLIST_FILE = PetLoversTests/Info.plist;
				IPHONEOS_DEPLOYMENT_TARGET = 14.0;
				LD_RUNPATH_SEARCH_PATHS = (
					"$(inherited)",
					"@executable_path/Frameworks",
					"@loader_path/Frameworks",
				);
				PRODUCT_BUNDLE_IDENTIFIER = DavidZhou.PetLoversTests;
				PRODUCT_NAME = "$(TARGET_NAME)";
				SWIFT_VERSION = 5.0;
				TARGETED_DEVICE_FAMILY = "1,2";
				TEST_HOST = "$(BUILT_PRODUCTS_DIR)/PetLovers.app/PetLovers";
			};
			name = Debug;
		};
		CB9B0B5329B7EB3900CCABA5 /* Release */ = {
			isa = XCBuildConfiguration;
			buildSettings = {
				ALWAYS_EMBED_SWIFT_STANDARD_LIBRARIES = YES;
				BUNDLE_LOADER = "$(TEST_HOST)";
				CODE_SIGN_STYLE = Automatic;
				INFOPLIST_FILE = PetLoversTests/Info.plist;
				IPHONEOS_DEPLOYMENT_TARGET = 14.0;
				LD_RUNPATH_SEARCH_PATHS = (
					"$(inherited)",
					"@executable_path/Frameworks",
					"@loader_path/Frameworks",
				);
				PRODUCT_BUNDLE_IDENTIFIER = DavidZhou.PetLoversTests;
				PRODUCT_NAME = "$(TARGET_NAME)";
				SWIFT_VERSION = 5.0;
				TARGETED_DEVICE_FAMILY = "1,2";
				TEST_HOST = "$(BUILT_PRODUCTS_DIR)/PetLovers.app/PetLovers";
			};
			name = Release;
		};
		CB9B0B5529B7EB3900CCABA5 /* Debug */ = {
			isa = XCBuildConfiguration;
			buildSettings = {
				ALWAYS_EMBED_SWIFT_STANDARD_LIBRARIES = YES;
				CODE_SIGN_STYLE = Automatic;
				INFOPLIST_FILE = PetLoversUITests/Info.plist;
				LD_RUNPATH_SEARCH_PATHS = (
					"$(inherited)",
					"@executable_path/Frameworks",
					"@loader_path/Frameworks",
				);
				PRODUCT_BUNDLE_IDENTIFIER = DavidZhou.PetLoversUITests;
				PRODUCT_NAME = "$(TARGET_NAME)";
				SWIFT_VERSION = 5.0;
				TARGETED_DEVICE_FAMILY = "1,2";
				TEST_TARGET_NAME = PetLovers;
			};
			name = Debug;
		};
		CB9B0B5629B7EB3900CCABA5 /* Release */ = {
			isa = XCBuildConfiguration;
			buildSettings = {
				ALWAYS_EMBED_SWIFT_STANDARD_LIBRARIES = YES;
				CODE_SIGN_STYLE = Automatic;
				INFOPLIST_FILE = PetLoversUITests/Info.plist;
				LD_RUNPATH_SEARCH_PATHS = (
					"$(inherited)",
					"@executable_path/Frameworks",
					"@loader_path/Frameworks",
				);
				PRODUCT_BUNDLE_IDENTIFIER = DavidZhou.PetLoversUITests;
				PRODUCT_NAME = "$(TARGET_NAME)";
				SWIFT_VERSION = 5.0;
				TARGETED_DEVICE_FAMILY = "1,2";
				TEST_TARGET_NAME = PetLovers;
			};
			name = Release;
		};
/* End XCBuildConfiguration section */

/* Begin XCConfigurationList section */
		CB9B0B2429B7EB3900CCABA5 /* Build configuration list for PBXProject "PetLovers" */ = {
			isa = XCConfigurationList;
			buildConfigurations = (
				CB9B0B4C29B7EB3900CCABA5 /* Debug */,
				CB9B0B4D29B7EB3900CCABA5 /* Release */,
			);
			defaultConfigurationIsVisible = 0;
			defaultConfigurationName = Release;
		};
		CB9B0B4E29B7EB3900CCABA5 /* Build configuration list for PBXNativeTarget "PetLovers" */ = {
			isa = XCConfigurationList;
			buildConfigurations = (
				CB9B0B4F29B7EB3900CCABA5 /* Debug */,
				CB9B0B5029B7EB3900CCABA5 /* Release */,
			);
			defaultConfigurationIsVisible = 0;
			defaultConfigurationName = Release;
		};
		CB9B0B5129B7EB3900CCABA5 /* Build configuration list for PBXNativeTarget "PetLoversTests" */ = {
			isa = XCConfigurationList;
			buildConfigurations = (
				CB9B0B5229B7EB3900CCABA5 /* Debug */,
				CB9B0B5329B7EB3900CCABA5 /* Release */,
			);
			defaultConfigurationIsVisible = 0;
			defaultConfigurationName = Release;
		};
		CB9B0B5429B7EB3900CCABA5 /* Build configuration list for PBXNativeTarget "PetLoversUITests" */ = {
			isa = XCConfigurationList;
			buildConfigurations = (
				CB9B0B5529B7EB3900CCABA5 /* Debug */,
				CB9B0B5629B7EB3900CCABA5 /* Release */,
			);
			defaultConfigurationIsVisible = 0;
			defaultConfigurationName = Release;
		};
/* End XCConfigurationList section */
	};
	rootObject = CB9B0B2129B7EB3900CCABA5 /* Project object */;
}
